
Microsoft Visual Studio Solution File, Format Version 11.00
# Visual Studio 2010
Project("{FAE04EC0-301F-11D3-BF4B-00C04F79EFBC}") = "ClojureExtension", "ClojureExtension\ClojureExtension.csproj", "{CD65A511-64A0-486F-91A0-1E7A0C400C77}"
EndProject
Project("{2150E333-8FDC-42A3-9474-1A3956D46DE8}") = "Documents", "Documents", "{9B2D8C59-FCD5-40E3-ADEA-44D64ECB6993}"
	ProjectSection(SolutionItems) = preProject
		ATTRIBUTION.txt = ATTRIBUTION.txt
		LICENSE.txt = LICENSE.txt
		README.txt = README.txt
	EndProjectSection
EndProject
Global
	GlobalSection(SolutionConfigurationPlatforms) = preSolution
		Debug|Any CPU = Debug|Any CPU
		Release|Any CPU = Release|Any CPU
	EndGlobalSection
	GlobalSection(ProjectConfigurationPlatforms) = postSolution
		{CD65A511-64A0-486F-91A0-1E7A0C400C77}.Debug|Any CPU.ActiveCfg = Debug|Any CPU
		{CD65A511-64A0-486F-91A0-1E7A0C400C77}.Debug|Any CPU.Build.0 = Debug|Any CPU
		{CD65A511-64A0-486F-91A0-1E7A0C400C77}.Release|Any CPU.ActiveCfg = Release|Any CPU
		{CD65A511-64A0-486F-91A0-1E7A0C400C77}.Release|Any CPU.Build.0 = Release|Any CPU
	EndGlobalSection
	GlobalSection(SolutionProperties) = preSolution
		HideSolutionNode = FALSE
	EndGlobalSection
EndGlobal
