
Microsoft Visual Studio Solution File, Format Version 12.00
# Visual Studio 2013
VisualStudioVersion = 12.0.30110.0
MinimumVisualStudioVersion = 10.0.40219.1
Project("{FAE04EC0-301F-11D3-BF4B-00C04F79EFBC}") = "ClojureExtension.Tests", "ClojureExtension.Tests\ClojureExtension.Tests.csproj", "{F417C00C-CE80-4E74-A611-8EC6CC04F37E}"
EndProject
Project("{FAE04EC0-301F-11D3-BF4B-00C04F79EFBC}") = "ClojureExtension.Parsing", "ClojureExtension.Parsing\ClojureExtension.Parsing.csproj", "{6A42095C-CC50-4E3E-9672-6185A6F7A8A7}"
EndProject
Project("{FAE04EC0-301F-11D3-BF4B-00C04F79EFBC}") = "ClojureExtension.Project", "ClojureExtension.Project\ClojureExtension.Project.csproj", "{653A74C1-81F5-4B49-ACFA-BE99B5ADEFF6}"
EndProject
Project("{FAE04EC0-301F-11D3-BF4B-00C04F79EFBC}") = "ClojureExtension.Utilities", "ClojureExtension.Utilities\ClojureExtension.Utilities.csproj", "{360503CC-98C5-4C00-9934-55519FFC5C26}"
EndProject
Project("{FAE04EC0-301F-11D3-BF4B-00C04F79EFBC}") = "ClojureExtension.Deployment", "ClojureExtension.Deployment\ClojureExtension.Deployment.csproj", "{39B60EDA-8630-44BE-9DEA-4AE8AF2A20E0}"
EndProject
Project("{FAE04EC0-301F-11D3-BF4B-00C04F79EFBC}") = "ClojureExtension.Editor", "ClojureExtension.Editor\ClojureExtension.Editor.csproj", "{4B160925-5079-4B41-BE21-458EBB74C9AB}"
EndProject
Project("{FAE04EC0-301F-11D3-BF4B-00C04F79EFBC}") = "ClojureExtension.Repl", "ClojureExtension.Repl\ClojureExtension.Repl.csproj", "{C9104D7A-6125-4E79-9AC1-1490D6DFA57C}"
EndProject
Project("{FAE04EC0-301F-11D3-BF4B-00C04F79EFBC}") = "ClojureScript Code File", "ClojureScript Code File\ClojureScript Code File.csproj", "{967AD11D-637A-439A-B06A-5A24D1234F00}"
EndProject
Project("{985F20FF-87AE-45F6-86E0-1DBBF0224EB9}") = "vsClojure", "vsClojure\vsClojure.cljproj", "{8FE1995B-4B6D-4911-B563-A759467FDF53}"
EndProject
Project("{FAE04EC0-301F-11D3-BF4B-00C04F79EFBC}") = "ClojureExtension.Debugger", "ClojureExtension.Debugger\ClojureExtension.Debugger.csproj", "{7987C896-EAFD-4695-84D8-8A09F9E6E856}"
EndProject
Global
	GlobalSection(SolutionConfigurationPlatforms) = preSolution
		Debug|Any CPU = Debug|Any CPU
		Debug|Mixed Platforms = Debug|Mixed Platforms
		Debug|x86 = Debug|x86
		Release|Any CPU = Release|Any CPU
		Release|Mixed Platforms = Release|Mixed Platforms
		Release|x86 = Release|x86
	EndGlobalSection
	GlobalSection(ProjectConfigurationPlatforms) = postSolution
		{F417C00C-CE80-4E74-A611-8EC6CC04F37E}.Debug|Any CPU.ActiveCfg = Debug|Any CPU
		{F417C00C-CE80-4E74-A611-8EC6CC04F37E}.Debug|Any CPU.Build.0 = Debug|Any CPU
		{F417C00C-CE80-4E74-A611-8EC6CC04F37E}.Debug|Mixed Platforms.ActiveCfg = Debug|Any CPU
		{F417C00C-CE80-4E74-A611-8EC6CC04F37E}.Debug|Mixed Platforms.Build.0 = Debug|Any CPU
		{F417C00C-CE80-4E74-A611-8EC6CC04F37E}.Debug|x86.ActiveCfg = Debug|Any CPU
		{F417C00C-CE80-4E74-A611-8EC6CC04F37E}.Release|Any CPU.ActiveCfg = Release|Any CPU
		{F417C00C-CE80-4E74-A611-8EC6CC04F37E}.Release|Any CPU.Build.0 = Release|Any CPU
		{F417C00C-CE80-4E74-A611-8EC6CC04F37E}.Release|Mixed Platforms.ActiveCfg = Release|Any CPU
		{F417C00C-CE80-4E74-A611-8EC6CC04F37E}.Release|Mixed Platforms.Build.0 = Release|Any CPU
		{F417C00C-CE80-4E74-A611-8EC6CC04F37E}.Release|x86.ActiveCfg = Release|Any CPU
		{6A42095C-CC50-4E3E-9672-6185A6F7A8A7}.Debug|Any CPU.ActiveCfg = Debug|Any CPU
		{6A42095C-CC50-4E3E-9672-6185A6F7A8A7}.Debug|Any CPU.Build.0 = Debug|Any CPU
		{6A42095C-CC50-4E3E-9672-6185A6F7A8A7}.Debug|Mixed Platforms.ActiveCfg = Debug|Any CPU
		{6A42095C-CC50-4E3E-9672-6185A6F7A8A7}.Debug|Mixed Platforms.Build.0 = Debug|Any CPU
		{6A42095C-CC50-4E3E-9672-6185A6F7A8A7}.Debug|x86.ActiveCfg = Debug|Any CPU
		{6A42095C-CC50-4E3E-9672-6185A6F7A8A7}.Release|Any CPU.ActiveCfg = Release|Any CPU
		{6A42095C-CC50-4E3E-9672-6185A6F7A8A7}.Release|Any CPU.Build.0 = Release|Any CPU
		{6A42095C-CC50-4E3E-9672-6185A6F7A8A7}.Release|Mixed Platforms.ActiveCfg = Release|Any CPU
		{6A42095C-CC50-4E3E-9672-6185A6F7A8A7}.Release|Mixed Platforms.Build.0 = Release|Any CPU
		{6A42095C-CC50-4E3E-9672-6185A6F7A8A7}.Release|x86.ActiveCfg = Release|Any CPU
		{653A74C1-81F5-4B49-ACFA-BE99B5ADEFF6}.Debug|Any CPU.ActiveCfg = Debug|Any CPU
		{653A74C1-81F5-4B49-ACFA-BE99B5ADEFF6}.Debug|Any CPU.Build.0 = Debug|Any CPU
		{653A74C1-81F5-4B49-ACFA-BE99B5ADEFF6}.Debug|Mixed Platforms.ActiveCfg = Debug|Any CPU
		{653A74C1-81F5-4B49-ACFA-BE99B5ADEFF6}.Debug|Mixed Platforms.Build.0 = Debug|Any CPU
		{653A74C1-81F5-4B49-ACFA-BE99B5ADEFF6}.Debug|x86.ActiveCfg = Debug|Any CPU
		{653A74C1-81F5-4B49-ACFA-BE99B5ADEFF6}.Release|Any CPU.ActiveCfg = Release|Any CPU
		{653A74C1-81F5-4B49-ACFA-BE99B5ADEFF6}.Release|Any CPU.Build.0 = Release|Any CPU
		{653A74C1-81F5-4B49-ACFA-BE99B5ADEFF6}.Release|Mixed Platforms.ActiveCfg = Release|Any CPU
		{653A74C1-81F5-4B49-ACFA-BE99B5ADEFF6}.Release|Mixed Platforms.Build.0 = Release|Any CPU
		{653A74C1-81F5-4B49-ACFA-BE99B5ADEFF6}.Release|x86.ActiveCfg = Release|Any CPU
		{360503CC-98C5-4C00-9934-55519FFC5C26}.Debug|Any CPU.ActiveCfg = Debug|Any CPU
		{360503CC-98C5-4C00-9934-55519FFC5C26}.Debug|Any CPU.Build.0 = Debug|Any CPU
		{360503CC-98C5-4C00-9934-55519FFC5C26}.Debug|Mixed Platforms.ActiveCfg = Debug|Any CPU
		{360503CC-98C5-4C00-9934-55519FFC5C26}.Debug|Mixed Platforms.Build.0 = Debug|Any CPU
		{360503CC-98C5-4C00-9934-55519FFC5C26}.Debug|x86.ActiveCfg = Debug|Any CPU
		{360503CC-98C5-4C00-9934-55519FFC5C26}.Release|Any CPU.ActiveCfg = Release|Any CPU
		{360503CC-98C5-4C00-9934-55519FFC5C26}.Release|Any CPU.Build.0 = Release|Any CPU
		{360503CC-98C5-4C00-9934-55519FFC5C26}.Release|Mixed Platforms.ActiveCfg = Release|Any CPU
		{360503CC-98C5-4C00-9934-55519FFC5C26}.Release|Mixed Platforms.Build.0 = Release|Any CPU
		{360503CC-98C5-4C00-9934-55519FFC5C26}.Release|x86.ActiveCfg = Release|Any CPU
		{39B60EDA-8630-44BE-9DEA-4AE8AF2A20E0}.Debug|Any CPU.ActiveCfg = Debug|Any CPU
		{39B60EDA-8630-44BE-9DEA-4AE8AF2A20E0}.Debug|Any CPU.Build.0 = Debug|Any CPU
		{39B60EDA-8630-44BE-9DEA-4AE8AF2A20E0}.Debug|Mixed Platforms.ActiveCfg = Debug|Any CPU
		{39B60EDA-8630-44BE-9DEA-4AE8AF2A20E0}.Debug|Mixed Platforms.Build.0 = Debug|Any CPU
		{39B60EDA-8630-44BE-9DEA-4AE8AF2A20E0}.Debug|x86.ActiveCfg = Debug|Any CPU
		{39B60EDA-8630-44BE-9DEA-4AE8AF2A20E0}.Release|Any CPU.ActiveCfg = Release|Any CPU
		{39B60EDA-8630-44BE-9DEA-4AE8AF2A20E0}.Release|Any CPU.Build.0 = Release|Any CPU
		{39B60EDA-8630-44BE-9DEA-4AE8AF2A20E0}.Release|Mixed Platforms.ActiveCfg = Release|Any CPU
		{39B60EDA-8630-44BE-9DEA-4AE8AF2A20E0}.Release|Mixed Platforms.Build.0 = Release|Any CPU
		{39B60EDA-8630-44BE-9DEA-4AE8AF2A20E0}.Release|x86.ActiveCfg = Release|Any CPU
		{4B160925-5079-4B41-BE21-458EBB74C9AB}.Debug|Any CPU.ActiveCfg = Debug|Any CPU
		{4B160925-5079-4B41-BE21-458EBB74C9AB}.Debug|Any CPU.Build.0 = Debug|Any CPU
		{4B160925-5079-4B41-BE21-458EBB74C9AB}.Debug|Mixed Platforms.ActiveCfg = Debug|Any CPU
		{4B160925-5079-4B41-BE21-458EBB74C9AB}.Debug|Mixed Platforms.Build.0 = Debug|Any CPU
		{4B160925-5079-4B41-BE21-458EBB74C9AB}.Debug|x86.ActiveCfg = Debug|Any CPU
		{4B160925-5079-4B41-BE21-458EBB74C9AB}.Release|Any CPU.ActiveCfg = Release|Any CPU
		{4B160925-5079-4B41-BE21-458EBB74C9AB}.Release|Any CPU.Build.0 = Release|Any CPU
		{4B160925-5079-4B41-BE21-458EBB74C9AB}.Release|Mixed Platforms.ActiveCfg = Release|Any CPU
		{4B160925-5079-4B41-BE21-458EBB74C9AB}.Release|Mixed Platforms.Build.0 = Release|Any CPU
		{4B160925-5079-4B41-BE21-458EBB74C9AB}.Release|x86.ActiveCfg = Release|Any CPU
		{C9104D7A-6125-4E79-9AC1-1490D6DFA57C}.Debug|Any CPU.ActiveCfg = Debug|Any CPU
		{C9104D7A-6125-4E79-9AC1-1490D6DFA57C}.Debug|Any CPU.Build.0 = Debug|Any CPU
		{C9104D7A-6125-4E79-9AC1-1490D6DFA57C}.Debug|Mixed Platforms.ActiveCfg = Debug|Any CPU
		{C9104D7A-6125-4E79-9AC1-1490D6DFA57C}.Debug|Mixed Platforms.Build.0 = Debug|Any CPU
		{C9104D7A-6125-4E79-9AC1-1490D6DFA57C}.Debug|x86.ActiveCfg = Debug|Any CPU
		{C9104D7A-6125-4E79-9AC1-1490D6DFA57C}.Release|Any CPU.ActiveCfg = Release|Any CPU
		{C9104D7A-6125-4E79-9AC1-1490D6DFA57C}.Release|Any CPU.Build.0 = Release|Any CPU
		{C9104D7A-6125-4E79-9AC1-1490D6DFA57C}.Release|Mixed Platforms.ActiveCfg = Release|Any CPU
		{C9104D7A-6125-4E79-9AC1-1490D6DFA57C}.Release|Mixed Platforms.Build.0 = Release|Any CPU
		{C9104D7A-6125-4E79-9AC1-1490D6DFA57C}.Release|x86.ActiveCfg = Release|Any CPU
		{967AD11D-637A-439A-B06A-5A24D1234F00}.Debug|Any CPU.ActiveCfg = Debug|Any CPU
		{967AD11D-637A-439A-B06A-5A24D1234F00}.Debug|Any CPU.Build.0 = Debug|Any CPU
		{967AD11D-637A-439A-B06A-5A24D1234F00}.Debug|Mixed Platforms.ActiveCfg = Debug|Any CPU
		{967AD11D-637A-439A-B06A-5A24D1234F00}.Debug|Mixed Platforms.Build.0 = Debug|Any CPU
		{967AD11D-637A-439A-B06A-5A24D1234F00}.Debug|x86.ActiveCfg = Debug|Any CPU
		{967AD11D-637A-439A-B06A-5A24D1234F00}.Release|Any CPU.ActiveCfg = Release|Any CPU
		{967AD11D-637A-439A-B06A-5A24D1234F00}.Release|Any CPU.Build.0 = Release|Any CPU
		{967AD11D-637A-439A-B06A-5A24D1234F00}.Release|Mixed Platforms.ActiveCfg = Release|Any CPU
		{967AD11D-637A-439A-B06A-5A24D1234F00}.Release|Mixed Platforms.Build.0 = Release|Any CPU
		{967AD11D-637A-439A-B06A-5A24D1234F00}.Release|x86.ActiveCfg = Release|Any CPU
		{8FE1995B-4B6D-4911-B563-A759467FDF53}.Debug|Any CPU.ActiveCfg = Debug|x86
		{8FE1995B-4B6D-4911-B563-A759467FDF53}.Debug|Mixed Platforms.ActiveCfg = Debug|x86
		{8FE1995B-4B6D-4911-B563-A759467FDF53}.Debug|Mixed Platforms.Build.0 = Debug|x86
		{8FE1995B-4B6D-4911-B563-A759467FDF53}.Debug|x86.ActiveCfg = Debug|x86
		{8FE1995B-4B6D-4911-B563-A759467FDF53}.Debug|x86.Build.0 = Debug|x86
		{8FE1995B-4B6D-4911-B563-A759467FDF53}.Release|Any CPU.ActiveCfg = Release|x86
		{8FE1995B-4B6D-4911-B563-A759467FDF53}.Release|Mixed Platforms.ActiveCfg = Release|x86
		{8FE1995B-4B6D-4911-B563-A759467FDF53}.Release|Mixed Platforms.Build.0 = Release|x86
		{8FE1995B-4B6D-4911-B563-A759467FDF53}.Release|x86.ActiveCfg = Release|x86
		{8FE1995B-4B6D-4911-B563-A759467FDF53}.Release|x86.Build.0 = Release|x86
		{7987C896-EAFD-4695-84D8-8A09F9E6E856}.Debug|Any CPU.ActiveCfg = Debug|Any CPU
		{7987C896-EAFD-4695-84D8-8A09F9E6E856}.Debug|Any CPU.Build.0 = Debug|Any CPU
		{7987C896-EAFD-4695-84D8-8A09F9E6E856}.Debug|Mixed Platforms.ActiveCfg = Debug|Any CPU
		{7987C896-EAFD-4695-84D8-8A09F9E6E856}.Debug|Mixed Platforms.Build.0 = Debug|Any CPU
		{7987C896-EAFD-4695-84D8-8A09F9E6E856}.Debug|x86.ActiveCfg = Debug|Any CPU
		{7987C896-EAFD-4695-84D8-8A09F9E6E856}.Release|Any CPU.ActiveCfg = Release|Any CPU
		{7987C896-EAFD-4695-84D8-8A09F9E6E856}.Release|Any CPU.Build.0 = Release|Any CPU
		{7987C896-EAFD-4695-84D8-8A09F9E6E856}.Release|Mixed Platforms.ActiveCfg = Release|Any CPU
		{7987C896-EAFD-4695-84D8-8A09F9E6E856}.Release|Mixed Platforms.Build.0 = Release|Any CPU
		{7987C896-EAFD-4695-84D8-8A09F9E6E856}.Release|x86.ActiveCfg = Release|Any CPU
	EndGlobalSection
	GlobalSection(SolutionProperties) = preSolution
		HideSolutionNode = FALSE
	EndGlobalSection
EndGlobal
